
Microsoft Visual Studio Solution File, Format Version 12.00
# Visual Studio Version 16
VisualStudioVersion = 16.0.31321.278
MinimumVisualStudioVersion = 10.0.40219.1
Project("{C7167F0D-BC9F-4E6E-AFE1-012C56B48DB5}") = "MouseJumpSettings (Package)", "MouseJumpSettings (Package)\MouseJumpSettings (Package).wapproj", "{52BDEF57-5481-4980-94B6-DBDEB2AAF1FC}"
EndProject
Project("{FAE04EC0-301F-11D3-BF4B-00C04F79EFBC}") = "MouseJumpSettings", "MouseJumpSettings\MouseJumpSettings.csproj", "{56F76793-A4C8-43B5-8716-C1C4A304A9F6}"
EndProject
Global
	GlobalSection(SolutionConfigurationPlatforms) = preSolution
		Debug|arm64 = Debug|arm64
		Debug|x64 = Debug|x64
		Debug|x86 = Debug|x86
		Release|arm64 = Release|arm64
		Release|x64 = Release|x64
		Release|x86 = Release|x86
	EndGlobalSection
	GlobalSection(ProjectConfigurationPlatforms) = postSolution
		{52BDEF57-5481-4980-94B6-DBDEB2AAF1FC}.Debug|arm64.ActiveCfg = Debug|arm64
		{52BDEF57-5481-4980-94B6-DBDEB2AAF1FC}.Debug|arm64.Build.0 = Debug|arm64
		{52BDEF57-5481-4980-94B6-DBDEB2AAF1FC}.Debug|arm64.Deploy.0 = Debug|arm64
		{52BDEF57-5481-4980-94B6-DBDEB2AAF1FC}.Debug|x64.ActiveCfg = Debug|x64
		{52BDEF57-5481-4980-94B6-DBDEB2AAF1FC}.Debug|x64.Build.0 = Debug|x64
		{52BDEF57-5481-4980-94B6-DBDEB2AAF1FC}.Debug|x64.Deploy.0 = Debug|x64
		{52BDEF57-5481-4980-94B6-DBDEB2AAF1FC}.Debug|x86.ActiveCfg = Debug|x86
		{52BDEF57-5481-4980-94B6-DBDEB2AAF1FC}.Debug|x86.Build.0 = Debug|x86
		{52BDEF57-5481-4980-94B6-DBDEB2AAF1FC}.Debug|x86.Deploy.0 = Debug|x86
		{52BDEF57-5481-4980-94B6-DBDEB2AAF1FC}.Release|arm64.ActiveCfg = Release|arm64
		{52BDEF57-5481-4980-94B6-DBDEB2AAF1FC}.Release|arm64.Build.0 = Release|arm64
		{52BDEF57-5481-4980-94B6-DBDEB2AAF1FC}.Release|arm64.Deploy.0 = Release|arm64
		{52BDEF57-5481-4980-94B6-DBDEB2AAF1FC}.Release|x64.ActiveCfg = Release|x64
		{52BDEF57-5481-4980-94B6-DBDEB2AAF1FC}.Release|x64.Build.0 = Release|x64
		{52BDEF57-5481-4980-94B6-DBDEB2AAF1FC}.Release|x64.Deploy.0 = Release|x64
		{52BDEF57-5481-4980-94B6-DBDEB2AAF1FC}.Release|x86.ActiveCfg = Release|x86
		{52BDEF57-5481-4980-94B6-DBDEB2AAF1FC}.Release|x86.Build.0 = Release|x86
		{52BDEF57-5481-4980-94B6-DBDEB2AAF1FC}.Release|x86.Deploy.0 = Release|x86
		{56F76793-A4C8-43B5-8716-C1C4A304A9F6}.Debug|arm64.ActiveCfg = Debug|arm64
		{56F76793-A4C8-43B5-8716-C1C4A304A9F6}.Debug|arm64.Build.0 = Debug|arm64
		{56F76793-A4C8-43B5-8716-C1C4A304A9F6}.Debug|x64.ActiveCfg = Debug|x64
		{56F76793-A4C8-43B5-8716-C1C4A304A9F6}.Debug|x64.Build.0 = Debug|x64
		{56F76793-A4C8-43B5-8716-C1C4A304A9F6}.Debug|x86.ActiveCfg = Debug|x86
		{56F76793-A4C8-43B5-8716-C1C4A304A9F6}.Debug|x86.Build.0 = Debug|x86
		{56F76793-A4C8-43B5-8716-C1C4A304A9F6}.Release|arm64.ActiveCfg = Release|arm64
		{56F76793-A4C8-43B5-8716-C1C4A304A9F6}.Release|arm64.Build.0 = Release|arm64
		{56F76793-A4C8-43B5-8716-C1C4A304A9F6}.Release|x64.ActiveCfg = Release|x64
		{56F76793-A4C8-43B5-8716-C1C4A304A9F6}.Release|x64.Build.0 = Release|x64
		{56F76793-A4C8-43B5-8716-C1C4A304A9F6}.Release|x86.ActiveCfg = Release|x86
		{56F76793-A4C8-43B5-8716-C1C4A304A9F6}.Release|x86.Build.0 = Release|x86
	EndGlobalSection
	GlobalSection(SolutionProperties) = preSolution
		HideSolutionNode = FALSE
	EndGlobalSection
	GlobalSection(ExtensibilityGlobals) = postSolution
		SolutionGuid = {42E525DE-E003-4D55-9FCE-2263B0EA53DE}
	EndGlobalSection
EndGlobal
